
Microsoft Visual Studio Solution File, Format Version 11.00
# Visual Studio 2010
Project("{FAE04EC0-301F-11D3-BF4B-00C04F79EFBC}") = "MetroWaitingAnimation", "MetroWaitingAnimation\MetroWaitingAnimation.csproj", "{6ba68e1c-6256-4c3f-a8b5-ae53babe5b47}"
EndProject
Global
	GlobalSection(SolutionConfigurationPlatforms) = preSolution
		Debug|Any CPU = Debug|Any CPU
		Release|Any CPU = Release|Any CPU
	EndGlobalSection
	GlobalSection(ProjectConfigurationPlatforms) = postSolution
		{6BA68E1C-6256-4C3F-A8B5-AE53BABE5B47}.Debug|Any CPU.ActiveCfg = Debug|Any CPU
		{6BA68E1C-6256-4C3F-A8B5-AE53BABE5B47}.Debug|Any CPU.Build.0 = Debug|Any CPU
		{6BA68E1C-6256-4C3F-A8B5-AE53BABE5B47}.Release|Any CPU.ActiveCfg = Release|Any CPU
		{6BA68E1C-6256-4C3F-A8B5-AE53BABE5B47}.Release|Any CPU.Build.0 = Release|Any CPU
	EndGlobalSection
EndGlobal
